// !$*UTF8*$!
{
	archiveVersion = 1;
	classes = {
	};
	objectVersion = 52;
	objects = {

/* Begin PBXBuildFile section */
		058557BB273AAA24004C7B11 /* Assets.xcassets in Resources */ = {isa = PBXBuildFile; fileRef = 058557BA273AAA24004C7B11 /* Assets.xcassets */; };
		058557D9273AAEEB004C7B11 /* Preview Assets.xcassets in Resources */ = {isa = PBXBuildFile; fileRef = 058557D8273AAEEB004C7B11 /* Preview Assets.xcassets */; };
		2152FB042600AC8F00CF470E /* iOSApp.swift in Sources */ = {isa = PBXBuildFile; fileRef = 2152FB032600AC8F00CF470E /* iOSApp.swift */; };
		279827CE298E655A00D497F2 /* GameTab.swift in Sources */ = {isa = PBXBuildFile; fileRef = 279827CD298E655A00D497F2 /* GameTab.swift */; };
		279827D1298E656400D497F2 /* StatisticsTab.swift in Sources */ = {isa = PBXBuildFile; fileRef = 279827D0298E656400D497F2 /* StatisticsTab.swift */; };
		279827D3298E657600D497F2 /* Navigation.swift in Sources */ = {isa = PBXBuildFile; fileRef = 279827D2298E657600D497F2 /* Navigation.swift */; };
		279827D5298E65A600D497F2 /* ContentView.swift in Sources */ = {isa = PBXBuildFile; fileRef = 279827D4298E65A600D497F2 /* ContentView.swift */; };
		279827D8298E6B8A00D497F2 /* Color+Extension.swift in Sources */ = {isa = PBXBuildFile; fileRef = 279827D7298E6B8A00D497F2 /* Color+Extension.swift */; };
		279827DB298E6F2600D497F2 /* IOSGameListViewModel.swift in Sources */ = {isa = PBXBuildFile; fileRef = 279827DA298E6F2600D497F2 /* IOSGameListViewModel.swift */; };
		279827DD298E71E000D497F2 /* GameListView.swift in Sources */ = {isa = PBXBuildFile; fileRef = 279827DC298E71E000D497F2 /* GameListView.swift */; };
		279827DF298E723D00D497F2 /* GameListScene.swift in Sources */ = {isa = PBXBuildFile; fileRef = 279827DE298E723D00D497F2 /* GameListScene.swift */; };
		279827E229A7CD9700D497F2 /* CreateGameView.swift in Sources */ = {isa = PBXBuildFile; fileRef = 279827E129A7CD9700D497F2 /* CreateGameView.swift */; };
		279827E429A7CD9F00D497F2 /* CreateGameScene.swift in Sources */ = {isa = PBXBuildFile; fileRef = 279827E329A7CD9F00D497F2 /* CreateGameScene.swift */; };
		279827E629A7CDB100D497F2 /* IOSCreateGameViewModel.swift in Sources */ = {isa = PBXBuildFile; fileRef = 279827E529A7CDB100D497F2 /* IOSCreateGameViewModel.swift */; };
		279827EF29A7D50A00D497F2 /* Player+Extensions.swift in Sources */ = {isa = PBXBuildFile; fileRef = 279827EE29A7D50A00D497F2 /* Player+Extensions.swift */; };
		279827F129A7D5C100D497F2 /* KotlinInt+Extensions.swift in Sources */ = {isa = PBXBuildFile; fileRef = 279827F029A7D5C100D497F2 /* KotlinInt+Extensions.swift */; };
		27CF107329A8BBB600174D02 /* GameScene.swift in Sources */ = {isa = PBXBuildFile; fileRef = 27CF107229A8BBB600174D02 /* GameScene.swift */; };
		27CF107529A8BBBE00174D02 /* GameView.swift in Sources */ = {isa = PBXBuildFile; fileRef = 27CF107429A8BBBE00174D02 /* GameView.swift */; };
		27CF107729A8BBC800174D02 /* IOSGameViewModel.swift in Sources */ = {isa = PBXBuildFile; fileRef = 27CF107629A8BBC800174D02 /* IOSGameViewModel.swift */; };
		27CF107929A9049900174D02 /* GameInputView.swift in Sources */ = {isa = PBXBuildFile; fileRef = 27CF107829A9049900174D02 /* GameInputView.swift */; };
		27CF107B29A905A600174D02 /* Sector+Extensions.swift in Sources */ = {isa = PBXBuildFile; fileRef = 27CF107A29A905A600174D02 /* Sector+Extensions.swift */; };
		27CF107D29AB952400174D02 /* GameHistoryView.swift in Sources */ = {isa = PBXBuildFile; fileRef = 27CF107C29AB952400174D02 /* GameHistoryView.swift */; };
		27CF108129AB981700174D02 /* Cell.swift in Sources */ = {isa = PBXBuildFile; fileRef = 27CF108029AB981700174D02 /* Cell.swift */; };
		27CF108329AB99CB00174D02 /* String+Extensions.swift in Sources */ = {isa = PBXBuildFile; fileRef = 27CF108229AB99CB00174D02 /* String+Extensions.swift */; };
		27CF108529AB9A8100174D02 /* PlayerHistoryHeader.swift in Sources */ = {isa = PBXBuildFile; fileRef = 27CF108429AB9A8100174D02 /* PlayerHistoryHeader.swift */; };
		27CF108729AB9AA500174D02 /* Row.swift in Sources */ = {isa = PBXBuildFile; fileRef = 27CF108629AB9AA500174D02 /* Row.swift */; };
		27CF108929AB9FCD00174D02 /* GamePlayerResult+Extensions.swift in Sources */ = {isa = PBXBuildFile; fileRef = 27CF108829AB9FCD00174D02 /* GamePlayerResult+Extensions.swift */; };
		27CF108B29ABA17200174D02 /* TurnItem.swift in Sources */ = {isa = PBXBuildFile; fileRef = 27CF108A29ABA17200174D02 /* TurnItem.swift */; };
		27CF108D29ABA23F00174D02 /* Shot+Extensions.swift in Sources */ = {isa = PBXBuildFile; fileRef = 27CF108C29ABA23F00174D02 /* Shot+Extensions.swift */; };
		27CF108F29ABA2CE00174D02 /* Set+Extensions.swift in Sources */ = {isa = PBXBuildFile; fileRef = 27CF108E29ABA2CE00174D02 /* Set+Extensions.swift */; };
		27CF109229AD126300174D02 /* Localizable.strings in Resources */ = {isa = PBXBuildFile; fileRef = 27CF109429AD126300174D02 /* Localizable.strings */; };
		27CF109729AD273B00174D02 /* Game+Extensions.swift in Sources */ = {isa = PBXBuildFile; fileRef = 27CF109629AD273B00174D02 /* Game+Extensions.swift */; };
		27CF109A29AD2A5600174D02 /* HistoryScene.swift in Sources */ = {isa = PBXBuildFile; fileRef = 27CF109929AD2A5600174D02 /* HistoryScene.swift */; };
		27CF109C29AD2A6B00174D02 /* IOSHistoryViewModel.swift in Sources */ = {isa = PBXBuildFile; fileRef = 27CF109B29AD2A6B00174D02 /* IOSHistoryViewModel.swift */; };
		27CF109E29AD2C9E00174D02 /* HistoryView.swift in Sources */ = {isa = PBXBuildFile; fileRef = 27CF109D29AD2C9E00174D02 /* HistoryView.swift */; };
		27D659EB29B3B8B200A921C6 /* SwiftUIPager in Frameworks */ = {isa = PBXBuildFile; productRef = 27D659EA29B3B8B200A921C6 /* SwiftUIPager */; };
		27D659ED29B3B97E00A921C6 /* PlayerHistoryView.swift in Sources */ = {isa = PBXBuildFile; fileRef = 27D659EC29B3B97E00A921C6 /* PlayerHistoryView.swift */; };
		27D659F029B3BC0800A921C6 /* SectionHeader.swift in Sources */ = {isa = PBXBuildFile; fileRef = 27D659EF29B3BC0800A921C6 /* SectionHeader.swift */; };
		27D659F529B493DD00A921C6 /* DartsBoard.swift in Sources */ = {isa = PBXBuildFile; fileRef = 27D659F429B493DD00A921C6 /* DartsBoard.swift */; };
		27D659F729B91E0400A921C6 /* DartsBoardView.swift in Sources */ = {isa = PBXBuildFile; fileRef = 27D659F629B91E0400A921C6 /* DartsBoardView.swift */; };
		27D659FA29BC78AB00A921C6 /* GameRecapView.swift in Sources */ = {isa = PBXBuildFile; fileRef = 27D659F929BC78AA00A921C6 /* GameRecapView.swift */; };
		27D659FC29BC7ADB00A921C6 /* GamePlayerValue+Extensions.swift in Sources */ = {isa = PBXBuildFile; fileRef = 27D659FB29BC7ADB00A921C6 /* GamePlayerValue+Extensions.swift */; };
		27D659FE29BC866F00A921C6 /* PlayerHistory+Extensions.swift in Sources */ = {isa = PBXBuildFile; fileRef = 27D659FD29BC866F00A921C6 /* PlayerHistory+Extensions.swift */; };
		27D65A0029BC86F400A921C6 /* KotlinFloat+Extensions.swift in Sources */ = {isa = PBXBuildFile; fileRef = 27D659FF29BC86F400A921C6 /* KotlinFloat+Extensions.swift */; };
		27D65A0529BDEA9400A921C6 /* StatisticsView.swift in Sources */ = {isa = PBXBuildFile; fileRef = 27D65A0429BDEA9400A921C6 /* StatisticsView.swift */; };
		27D65A0729BDEAC900A921C6 /* SingleSelectableItem.swift in Sources */ = {isa = PBXBuildFile; fileRef = 27D65A0629BDEAC900A921C6 /* SingleSelectableItem.swift */; };
		27D65A0929BDEC0900A921C6 /* DoubleSelectableItem.swift in Sources */ = {isa = PBXBuildFile; fileRef = 27D65A0829BDEC0900A921C6 /* DoubleSelectableItem.swift */; };
		27D65A0B29BDED5800A921C6 /* StatisticsEvent+Extensions.swift in Sources */ = {isa = PBXBuildFile; fileRef = 27D65A0A29BDED5800A921C6 /* StatisticsEvent+Extensions.swift */; };
		27D65A0F29BDF2D500A921C6 /* NoDataView.swift in Sources */ = {isa = PBXBuildFile; fileRef = 27D65A0E29BDF2D500A921C6 /* NoDataView.swift */; };
		27D65A1129BDF34900A921C6 /* IOSAverageValuesViewModel.swift in Sources */ = {isa = PBXBuildFile; fileRef = 27D65A1029BDF34900A921C6 /* IOSAverageValuesViewModel.swift */; };
		27D65A1329BDF40800A921C6 /* AverageValuesScene.swift in Sources */ = {isa = PBXBuildFile; fileRef = 27D65A1229BDF40800A921C6 /* AverageValuesScene.swift */; };
		27D65A1529BDF41600A921C6 /* AverageValuesView.swift in Sources */ = {isa = PBXBuildFile; fileRef = 27D65A1429BDF41600A921C6 /* AverageValuesView.swift */; };
		27D65A1729BDF7E900A921C6 /* AveragePlayerValue+Extensions.swift in Sources */ = {isa = PBXBuildFile; fileRef = 27D65A1629BDF7E900A921C6 /* AveragePlayerValue+Extensions.swift */; };
		27D65A1929BE414700A921C6 /* StatisticsPlayerListView.swift in Sources */ = {isa = PBXBuildFile; fileRef = 27D65A1829BE414700A921C6 /* StatisticsPlayerListView.swift */; };
		27D65A1C29BE42EC00A921C6 /* IOSBestTurnViewModel.swift in Sources */ = {isa = PBXBuildFile; fileRef = 27D65A1B29BE42EC00A921C6 /* IOSBestTurnViewModel.swift */; };
		27D65A1E29BE435C00A921C6 /* BestTurnView.swift in Sources */ = {isa = PBXBuildFile; fileRef = 27D65A1D29BE435C00A921C6 /* BestTurnView.swift */; };
		27D65A2029BE43A000A921C6 /* BestTurnScene.swift in Sources */ = {isa = PBXBuildFile; fileRef = 27D65A1F29BE43A000A921C6 /* BestTurnScene.swift */; };
		27D65A2329BE471300A921C6 /* IOSMostFrequentShotsViewModel.swift in Sources */ = {isa = PBXBuildFile; fileRef = 27D65A2229BE471300A921C6 /* IOSMostFrequentShotsViewModel.swift */; };
		27D65A2529BE478A00A921C6 /* MostFrequentShotsView.swift in Sources */ = {isa = PBXBuildFile; fileRef = 27D65A2429BE478A00A921C6 /* MostFrequentShotsView.swift */; };
		27D65A2729BE48B100A921C6 /* MostFrequentShotsScene.swift in Sources */ = {isa = PBXBuildFile; fileRef = 27D65A2629BE48B100A921C6 /* MostFrequentShotsScene.swift */; };
		27D65A2A29BE49C800A921C6 /* IOSBiggestFinalSetViewModel.swift in Sources */ = {isa = PBXBuildFile; fileRef = 27D65A2929BE49C800A921C6 /* IOSBiggestFinalSetViewModel.swift */; };
		27D65A2C29BE4A5900A921C6 /* BiggestFinalSetView.swift in Sources */ = {isa = PBXBuildFile; fileRef = 27D65A2B29BE4A5900A921C6 /* BiggestFinalSetView.swift */; };
		27D65A2E29BE4ADE00A921C6 /* BiggestFinalSetScene.swift in Sources */ = {isa = PBXBuildFile; fileRef = 27D65A2D29BE4ADE00A921C6 /* BiggestFinalSetScene.swift */; };
		27D65A3129BE4D5200A921C6 /* IOSPlayerListViewModel.swift in Sources */ = {isa = PBXBuildFile; fileRef = 27D65A3029BE4D5200A921C6 /* IOSPlayerListViewModel.swift */; };
		27D65A3329BE4E1900A921C6 /* PlayerListView.swift in Sources */ = {isa = PBXBuildFile; fileRef = 27D65A3229BE4E1900A921C6 /* PlayerListView.swift */; };
		27D65A3529BE4E5B00A921C6 /* PlayerListScene.swift in Sources */ = {isa = PBXBuildFile; fileRef = 27D65A3429BE4E5B00A921C6 /* PlayerListScene.swift */; };
		27D65A3829BE504300A921C6 /* IOSShotDistributionViewModel.swift in Sources */ = {isa = PBXBuildFile; fileRef = 27D65A3729BE504300A921C6 /* IOSShotDistributionViewModel.swift */; };
		27D65A3A29BE50B800A921C6 /* ShotDistributionView.swift in Sources */ = {isa = PBXBuildFile; fileRef = 27D65A3929BE50B800A921C6 /* ShotDistributionView.swift */; };
		27D65A3C29BE511500A921C6 /* ShotDistributionScene.swift in Sources */ = {isa = PBXBuildFile; fileRef = 27D65A3B29BE511500A921C6 /* ShotDistributionScene.swift */; };
		27D65A3F29BE524000A921C6 /* IOSVictoryDistributionViewModel.swift in Sources */ = {isa = PBXBuildFile; fileRef = 27D65A3E29BE524000A921C6 /* IOSVictoryDistributionViewModel.swift */; };
		27D65A4129BE529C00A921C6 /* VictoryDistributionView.swift in Sources */ = {isa = PBXBuildFile; fileRef = 27D65A4029BE529C00A921C6 /* VictoryDistributionView.swift */; };
		27D65A4329BE52E400A921C6 /* VictoryDistributionScene.swift in Sources */ = {isa = PBXBuildFile; fileRef = 27D65A4229BE52E400A921C6 /* VictoryDistributionScene.swift */; };
		27D65A4529BE56AD00A921C6 /* Pie.swift in Sources */ = {isa = PBXBuildFile; fileRef = 27D65A4429BE56AD00A921C6 /* Pie.swift */; };
		27D65A4729BE5E2D00A921C6 /* ChartLegend.swift in Sources */ = {isa = PBXBuildFile; fileRef = 27D65A4629BE5E2D00A921C6 /* ChartLegend.swift */; };
/* End PBXBuildFile section */

/* Begin PBXCopyFilesBuildPhase section */
		7555FFB4242A642300829871 /* Embed Frameworks */ = {
			isa = PBXCopyFilesBuildPhase;
			buildActionMask = 2147483647;
			dstPath = "";
			dstSubfolderSpec = 10;
			files = (
			);
			name = "Embed Frameworks";
			runOnlyForDeploymentPostprocessing = 0;
		};
/* End PBXCopyFilesBuildPhase section */

/* Begin PBXFileReference section */
		058557BA273AAA24004C7B11 /* Assets.xcassets */ = {isa = PBXFileReference; lastKnownFileType = folder.assetcatalog; path = Assets.xcassets; sourceTree = "<group>"; };
		058557D8273AAEEB004C7B11 /* Preview Assets.xcassets */ = {isa = PBXFileReference; lastKnownFileType = folder.assetcatalog; path = "Preview Assets.xcassets"; sourceTree = "<group>"; };
		2152FB032600AC8F00CF470E /* iOSApp.swift */ = {isa = PBXFileReference; lastKnownFileType = sourcecode.swift; path = iOSApp.swift; sourceTree = "<group>"; };
		279827CD298E655A00D497F2 /* GameTab.swift */ = {isa = PBXFileReference; fileEncoding = 4; lastKnownFileType = sourcecode.swift; path = GameTab.swift; sourceTree = "<group>"; };
		279827D0298E656400D497F2 /* StatisticsTab.swift */ = {isa = PBXFileReference; fileEncoding = 4; lastKnownFileType = sourcecode.swift; path = StatisticsTab.swift; sourceTree = "<group>"; };
		279827D2298E657600D497F2 /* Navigation.swift */ = {isa = PBXFileReference; fileEncoding = 4; lastKnownFileType = sourcecode.swift; path = Navigation.swift; sourceTree = "<group>"; };
		279827D4298E65A600D497F2 /* ContentView.swift */ = {isa = PBXFileReference; lastKnownFileType = sourcecode.swift; path = ContentView.swift; sourceTree = "<group>"; };
		279827D7298E6B8A00D497F2 /* Color+Extension.swift */ = {isa = PBXFileReference; lastKnownFileType = sourcecode.swift; path = "Color+Extension.swift"; sourceTree = "<group>"; };
		279827DA298E6F2600D497F2 /* IOSGameListViewModel.swift */ = {isa = PBXFileReference; lastKnownFileType = sourcecode.swift; path = IOSGameListViewModel.swift; sourceTree = "<group>"; };
		279827DC298E71E000D497F2 /* GameListView.swift */ = {isa = PBXFileReference; lastKnownFileType = sourcecode.swift; path = GameListView.swift; sourceTree = "<group>"; };
		279827DE298E723D00D497F2 /* GameListScene.swift */ = {isa = PBXFileReference; lastKnownFileType = sourcecode.swift; path = GameListScene.swift; sourceTree = "<group>"; };
		279827E129A7CD9700D497F2 /* CreateGameView.swift */ = {isa = PBXFileReference; lastKnownFileType = sourcecode.swift; path = CreateGameView.swift; sourceTree = "<group>"; };
		279827E329A7CD9F00D497F2 /* CreateGameScene.swift */ = {isa = PBXFileReference; lastKnownFileType = sourcecode.swift; path = CreateGameScene.swift; sourceTree = "<group>"; };
		279827E529A7CDB100D497F2 /* IOSCreateGameViewModel.swift */ = {isa = PBXFileReference; lastKnownFileType = sourcecode.swift; path = IOSCreateGameViewModel.swift; sourceTree = "<group>"; };
		279827EE29A7D50A00D497F2 /* Player+Extensions.swift */ = {isa = PBXFileReference; lastKnownFileType = sourcecode.swift; path = "Player+Extensions.swift"; sourceTree = "<group>"; };
		279827F029A7D5C100D497F2 /* KotlinInt+Extensions.swift */ = {isa = PBXFileReference; lastKnownFileType = sourcecode.swift; path = "KotlinInt+Extensions.swift"; sourceTree = "<group>"; };
		27CF107229A8BBB600174D02 /* GameScene.swift */ = {isa = PBXFileReference; lastKnownFileType = sourcecode.swift; path = GameScene.swift; sourceTree = "<group>"; };
		27CF107429A8BBBE00174D02 /* GameView.swift */ = {isa = PBXFileReference; lastKnownFileType = sourcecode.swift; path = GameView.swift; sourceTree = "<group>"; };
		27CF107629A8BBC800174D02 /* IOSGameViewModel.swift */ = {isa = PBXFileReference; lastKnownFileType = sourcecode.swift; path = IOSGameViewModel.swift; sourceTree = "<group>"; };
		27CF107829A9049900174D02 /* GameInputView.swift */ = {isa = PBXFileReference; lastKnownFileType = sourcecode.swift; path = GameInputView.swift; sourceTree = "<group>"; };
		27CF107A29A905A600174D02 /* Sector+Extensions.swift */ = {isa = PBXFileReference; lastKnownFileType = sourcecode.swift; path = "Sector+Extensions.swift"; sourceTree = "<group>"; };
		27CF107C29AB952400174D02 /* GameHistoryView.swift */ = {isa = PBXFileReference; lastKnownFileType = sourcecode.swift; path = GameHistoryView.swift; sourceTree = "<group>"; };
		27CF108029AB981700174D02 /* Cell.swift */ = {isa = PBXFileReference; lastKnownFileType = sourcecode.swift; path = Cell.swift; sourceTree = "<group>"; };
		27CF108229AB99CB00174D02 /* String+Extensions.swift */ = {isa = PBXFileReference; lastKnownFileType = sourcecode.swift; path = "String+Extensions.swift"; sourceTree = "<group>"; };
		27CF108429AB9A8100174D02 /* PlayerHistoryHeader.swift */ = {isa = PBXFileReference; lastKnownFileType = sourcecode.swift; path = PlayerHistoryHeader.swift; sourceTree = "<group>"; };
		27CF108629AB9AA500174D02 /* Row.swift */ = {isa = PBXFileReference; lastKnownFileType = sourcecode.swift; path = Row.swift; sourceTree = "<group>"; };
		27CF108829AB9FCD00174D02 /* GamePlayerResult+Extensions.swift */ = {isa = PBXFileReference; lastKnownFileType = sourcecode.swift; path = "GamePlayerResult+Extensions.swift"; sourceTree = "<group>"; };
		27CF108A29ABA17200174D02 /* TurnItem.swift */ = {isa = PBXFileReference; lastKnownFileType = sourcecode.swift; path = TurnItem.swift; sourceTree = "<group>"; };
		27CF108C29ABA23F00174D02 /* Shot+Extensions.swift */ = {isa = PBXFileReference; lastKnownFileType = sourcecode.swift; path = "Shot+Extensions.swift"; sourceTree = "<group>"; };
		27CF108E29ABA2CE00174D02 /* Set+Extensions.swift */ = {isa = PBXFileReference; lastKnownFileType = sourcecode.swift; path = "Set+Extensions.swift"; sourceTree = "<group>"; };
		27CF109329AD126300174D02 /* en */ = {isa = PBXFileReference; lastKnownFileType = text.plist.strings; name = en; path = en.lproj/Localizable.strings; sourceTree = "<group>"; };
		27CF109529AD126800174D02 /* ru */ = {isa = PBXFileReference; lastKnownFileType = text.plist.strings; name = ru; path = ru.lproj/Localizable.strings; sourceTree = "<group>"; };
		27CF109629AD273B00174D02 /* Game+Extensions.swift */ = {isa = PBXFileReference; lastKnownFileType = sourcecode.swift; path = "Game+Extensions.swift"; sourceTree = "<group>"; };
		27CF109929AD2A5600174D02 /* HistoryScene.swift */ = {isa = PBXFileReference; lastKnownFileType = sourcecode.swift; path = HistoryScene.swift; sourceTree = "<group>"; };
		27CF109B29AD2A6B00174D02 /* IOSHistoryViewModel.swift */ = {isa = PBXFileReference; lastKnownFileType = sourcecode.swift; path = IOSHistoryViewModel.swift; sourceTree = "<group>"; };
		27CF109D29AD2C9E00174D02 /* HistoryView.swift */ = {isa = PBXFileReference; lastKnownFileType = sourcecode.swift; path = HistoryView.swift; sourceTree = "<group>"; };
		27D659EC29B3B97E00A921C6 /* PlayerHistoryView.swift */ = {isa = PBXFileReference; lastKnownFileType = sourcecode.swift; path = PlayerHistoryView.swift; sourceTree = "<group>"; };
		27D659EF29B3BC0800A921C6 /* SectionHeader.swift */ = {isa = PBXFileReference; lastKnownFileType = sourcecode.swift; path = SectionHeader.swift; sourceTree = "<group>"; };
		27D659F429B493DD00A921C6 /* DartsBoard.swift */ = {isa = PBXFileReference; lastKnownFileType = sourcecode.swift; path = DartsBoard.swift; sourceTree = "<group>"; };
		27D659F629B91E0400A921C6 /* DartsBoardView.swift */ = {isa = PBXFileReference; lastKnownFileType = sourcecode.swift; path = DartsBoardView.swift; sourceTree = "<group>"; };
		27D659F929BC78AA00A921C6 /* GameRecapView.swift */ = {isa = PBXFileReference; lastKnownFileType = sourcecode.swift; path = GameRecapView.swift; sourceTree = "<group>"; };
		27D659FB29BC7ADB00A921C6 /* GamePlayerValue+Extensions.swift */ = {isa = PBXFileReference; lastKnownFileType = sourcecode.swift; path = "GamePlayerValue+Extensions.swift"; sourceTree = "<group>"; };
		27D659FD29BC866F00A921C6 /* PlayerHistory+Extensions.swift */ = {isa = PBXFileReference; lastKnownFileType = sourcecode.swift; path = "PlayerHistory+Extensions.swift"; sourceTree = "<group>"; };
		27D659FF29BC86F400A921C6 /* KotlinFloat+Extensions.swift */ = {isa = PBXFileReference; lastKnownFileType = sourcecode.swift; path = "KotlinFloat+Extensions.swift"; sourceTree = "<group>"; };
		27D65A0429BDEA9400A921C6 /* StatisticsView.swift */ = {isa = PBXFileReference; lastKnownFileType = sourcecode.swift; path = StatisticsView.swift; sourceTree = "<group>"; };
		27D65A0629BDEAC900A921C6 /* SingleSelectableItem.swift */ = {isa = PBXFileReference; lastKnownFileType = sourcecode.swift; path = SingleSelectableItem.swift; sourceTree = "<group>"; };
		27D65A0829BDEC0900A921C6 /* DoubleSelectableItem.swift */ = {isa = PBXFileReference; lastKnownFileType = sourcecode.swift; path = DoubleSelectableItem.swift; sourceTree = "<group>"; };
		27D65A0A29BDED5800A921C6 /* StatisticsEvent+Extensions.swift */ = {isa = PBXFileReference; lastKnownFileType = sourcecode.swift; path = "StatisticsEvent+Extensions.swift"; sourceTree = "<group>"; };
		27D65A0E29BDF2D500A921C6 /* NoDataView.swift */ = {isa = PBXFileReference; lastKnownFileType = sourcecode.swift; path = NoDataView.swift; sourceTree = "<group>"; };
		27D65A1029BDF34900A921C6 /* IOSAverageValuesViewModel.swift */ = {isa = PBXFileReference; lastKnownFileType = sourcecode.swift; path = IOSAverageValuesViewModel.swift; sourceTree = "<group>"; };
		27D65A1229BDF40800A921C6 /* AverageValuesScene.swift */ = {isa = PBXFileReference; lastKnownFileType = sourcecode.swift; path = AverageValuesScene.swift; sourceTree = "<group>"; };
		27D65A1429BDF41600A921C6 /* AverageValuesView.swift */ = {isa = PBXFileReference; lastKnownFileType = sourcecode.swift; path = AverageValuesView.swift; sourceTree = "<group>"; };
		27D65A1629BDF7E900A921C6 /* AveragePlayerValue+Extensions.swift */ = {isa = PBXFileReference; lastKnownFileType = sourcecode.swift; path = "AveragePlayerValue+Extensions.swift"; sourceTree = "<group>"; };
		27D65A1829BE414700A921C6 /* StatisticsPlayerListView.swift */ = {isa = PBXFileReference; lastKnownFileType = sourcecode.swift; path = StatisticsPlayerListView.swift; sourceTree = "<group>"; };
		27D65A1B29BE42EC00A921C6 /* IOSBestTurnViewModel.swift */ = {isa = PBXFileReference; lastKnownFileType = sourcecode.swift; path = IOSBestTurnViewModel.swift; sourceTree = "<group>"; };
		27D65A1D29BE435C00A921C6 /* BestTurnView.swift */ = {isa = PBXFileReference; lastKnownFileType = sourcecode.swift; path = BestTurnView.swift; sourceTree = "<group>"; };
		27D65A1F29BE43A000A921C6 /* BestTurnScene.swift */ = {isa = PBXFileReference; lastKnownFileType = sourcecode.swift; path = BestTurnScene.swift; sourceTree = "<group>"; };
		27D65A2229BE471300A921C6 /* IOSMostFrequentShotsViewModel.swift */ = {isa = PBXFileReference; lastKnownFileType = sourcecode.swift; path = IOSMostFrequentShotsViewModel.swift; sourceTree = "<group>"; };
		27D65A2429BE478A00A921C6 /* MostFrequentShotsView.swift */ = {isa = PBXFileReference; lastKnownFileType = sourcecode.swift; path = MostFrequentShotsView.swift; sourceTree = "<group>"; };
		27D65A2629BE48B100A921C6 /* MostFrequentShotsScene.swift */ = {isa = PBXFileReference; lastKnownFileType = sourcecode.swift; path = MostFrequentShotsScene.swift; sourceTree = "<group>"; };
		27D65A2929BE49C800A921C6 /* IOSBiggestFinalSetViewModel.swift */ = {isa = PBXFileReference; lastKnownFileType = sourcecode.swift; path = IOSBiggestFinalSetViewModel.swift; sourceTree = "<group>"; };
		27D65A2B29BE4A5900A921C6 /* BiggestFinalSetView.swift */ = {isa = PBXFileReference; lastKnownFileType = sourcecode.swift; path = BiggestFinalSetView.swift; sourceTree = "<group>"; };
		27D65A2D29BE4ADE00A921C6 /* BiggestFinalSetScene.swift */ = {isa = PBXFileReference; lastKnownFileType = sourcecode.swift; path = BiggestFinalSetScene.swift; sourceTree = "<group>"; };
		27D65A3029BE4D5200A921C6 /* IOSPlayerListViewModel.swift */ = {isa = PBXFileReference; lastKnownFileType = sourcecode.swift; path = IOSPlayerListViewModel.swift; sourceTree = "<group>"; };
		27D65A3229BE4E1900A921C6 /* PlayerListView.swift */ = {isa = PBXFileReference; lastKnownFileType = sourcecode.swift; path = PlayerListView.swift; sourceTree = "<group>"; };
		27D65A3429BE4E5B00A921C6 /* PlayerListScene.swift */ = {isa = PBXFileReference; lastKnownFileType = sourcecode.swift; path = PlayerListScene.swift; sourceTree = "<group>"; };
		27D65A3729BE504300A921C6 /* IOSShotDistributionViewModel.swift */ = {isa = PBXFileReference; lastKnownFileType = sourcecode.swift; path = IOSShotDistributionViewModel.swift; sourceTree = "<group>"; };
		27D65A3929BE50B800A921C6 /* ShotDistributionView.swift */ = {isa = PBXFileReference; lastKnownFileType = sourcecode.swift; path = ShotDistributionView.swift; sourceTree = "<group>"; };
		27D65A3B29BE511500A921C6 /* ShotDistributionScene.swift */ = {isa = PBXFileReference; lastKnownFileType = sourcecode.swift; path = ShotDistributionScene.swift; sourceTree = "<group>"; };
		27D65A3E29BE524000A921C6 /* IOSVictoryDistributionViewModel.swift */ = {isa = PBXFileReference; lastKnownFileType = sourcecode.swift; path = IOSVictoryDistributionViewModel.swift; sourceTree = "<group>"; };
		27D65A4029BE529C00A921C6 /* VictoryDistributionView.swift */ = {isa = PBXFileReference; lastKnownFileType = sourcecode.swift; path = VictoryDistributionView.swift; sourceTree = "<group>"; };
		27D65A4229BE52E400A921C6 /* VictoryDistributionScene.swift */ = {isa = PBXFileReference; lastKnownFileType = sourcecode.swift; path = VictoryDistributionScene.swift; sourceTree = "<group>"; };
		27D65A4429BE56AD00A921C6 /* Pie.swift */ = {isa = PBXFileReference; lastKnownFileType = sourcecode.swift; path = Pie.swift; sourceTree = "<group>"; };
		27D65A4629BE5E2D00A921C6 /* ChartLegend.swift */ = {isa = PBXFileReference; lastKnownFileType = sourcecode.swift; path = ChartLegend.swift; sourceTree = "<group>"; };
		7555FF7B242A565900829871 /* iosApp.app */ = {isa = PBXFileReference; explicitFileType = wrapper.application; includeInIndex = 0; path = iosApp.app; sourceTree = BUILT_PRODUCTS_DIR; };
		7555FF8C242A565B00829871 /* Info.plist */ = {isa = PBXFileReference; lastKnownFileType = text.plist.xml; path = Info.plist; sourceTree = "<group>"; };
/* End PBXFileReference section */

/* Begin PBXFrameworksBuildPhase section */
		7555FF78242A565900829871 /* Frameworks */ = {
			isa = PBXFrameworksBuildPhase;
			buildActionMask = 2147483647;
			files = (
				27D659EB29B3B8B200A921C6 /* SwiftUIPager in Frameworks */,
			);
			runOnlyForDeploymentPostprocessing = 0;
		};
/* End PBXFrameworksBuildPhase section */

/* Begin PBXGroup section */
		058557D7273AAEEB004C7B11 /* Preview Content */ = {
			isa = PBXGroup;
			children = (
				058557D8273AAEEB004C7B11 /* Preview Assets.xcassets */,
			);
			path = "Preview Content";
			sourceTree = "<group>";
		};
		279827CC298E655A00D497F2 /* Game */ = {
			isa = PBXGroup;
			children = (
				27D65A0129BC9B2100A921C6 /* DartsBoard */,
				27CF109829AD2A4700174D02 /* History */,
				27CF107129A8BBA800174D02 /* Game */,
				279827E029A7CD8800D497F2 /* CreateGame */,
				279827D9298E6F0300D497F2 /* GameList */,
				279827CD298E655A00D497F2 /* GameTab.swift */,
			);
			path = Game;
			sourceTree = "<group>";
		};
		279827CF298E656400D497F2 /* Statistics */ = {
			isa = PBXGroup;
			children = (
				27D65A3D29BE522D00A921C6 /* VictoryDistribution */,
				27D65A3629BE503100A921C6 /* ShotDistribution */,
				27D65A2F29BE4D4000A921C6 /* PlayerList */,
				27D65A2829BE49B600A921C6 /* BiggestFinalSet */,
				27D65A2129BE46EE00A921C6 /* MostFrequentShots */,
				27D65A1A29BE42C300A921C6 /* BestTurn */,
				27D65A0D29BDF2A500A921C6 /* AverageValues */,
				27D65A0329BDEA7000A921C6 /* Statistics */,
				279827D0298E656400D497F2 /* StatisticsTab.swift */,
			);
			path = Statistics;
			sourceTree = "<group>";
		};
		279827D6298E6B7F00D497F2 /* Library */ = {
			isa = PBXGroup;
			children = (
				27D659EE29B3BAE900A921C6 /* Views */,
				27D65A0229BD0D0200A921C6 /* Components */,
				27CF107E29AB980300174D02 /* Extensions */,
			);
			path = Library;
			sourceTree = "<group>";
		};
		279827D9298E6F0300D497F2 /* GameList */ = {
			isa = PBXGroup;
			children = (
				279827DA298E6F2600D497F2 /* IOSGameListViewModel.swift */,
				279827DC298E71E000D497F2 /* GameListView.swift */,
				279827DE298E723D00D497F2 /* GameListScene.swift */,
			);
			path = GameList;
			sourceTree = "<group>";
		};
		279827E029A7CD8800D497F2 /* CreateGame */ = {
			isa = PBXGroup;
			children = (
				279827E129A7CD9700D497F2 /* CreateGameView.swift */,
				279827E329A7CD9F00D497F2 /* CreateGameScene.swift */,
				279827E529A7CDB100D497F2 /* IOSCreateGameViewModel.swift */,
			);
			path = CreateGame;
			sourceTree = "<group>";
		};
		27CF107129A8BBA800174D02 /* Game */ = {
			isa = PBXGroup;
			children = (
				27CF107229A8BBB600174D02 /* GameScene.swift */,
				27CF107429A8BBBE00174D02 /* GameView.swift */,
				27CF107629A8BBC800174D02 /* IOSGameViewModel.swift */,
				27CF107829A9049900174D02 /* GameInputView.swift */,
			);
			path = Game;
			sourceTree = "<group>";
		};
		27CF107E29AB980300174D02 /* Extensions */ = {
			isa = PBXGroup;
			children = (
				279827D7298E6B8A00D497F2 /* Color+Extension.swift */,
				279827EE29A7D50A00D497F2 /* Player+Extensions.swift */,
				279827F029A7D5C100D497F2 /* KotlinInt+Extensions.swift */,
				27CF107A29A905A600174D02 /* Sector+Extensions.swift */,
				27CF108229AB99CB00174D02 /* String+Extensions.swift */,
				27CF108829AB9FCD00174D02 /* GamePlayerResult+Extensions.swift */,
				27CF108C29ABA23F00174D02 /* Shot+Extensions.swift */,
				27CF108E29ABA2CE00174D02 /* Set+Extensions.swift */,
				27CF109629AD273B00174D02 /* Game+Extensions.swift */,
				27D659FB29BC7ADB00A921C6 /* GamePlayerValue+Extensions.swift */,
				27D659FD29BC866F00A921C6 /* PlayerHistory+Extensions.swift */,
				27D659FF29BC86F400A921C6 /* KotlinFloat+Extensions.swift */,
				27D65A0A29BDED5800A921C6 /* StatisticsEvent+Extensions.swift */,
				27D65A1629BDF7E900A921C6 /* AveragePlayerValue+Extensions.swift */,
			);
			path = Extensions;
			sourceTree = "<group>";
		};
		27CF109829AD2A4700174D02 /* History */ = {
			isa = PBXGroup;
			children = (
				27CF109929AD2A5600174D02 /* HistoryScene.swift */,
				27CF109B29AD2A6B00174D02 /* IOSHistoryViewModel.swift */,
				27CF109D29AD2C9E00174D02 /* HistoryView.swift */,
			);
			path = History;
			sourceTree = "<group>";
		};
		27D659EE29B3BAE900A921C6 /* Views */ = {
			isa = PBXGroup;
			children = (
				27D659EC29B3B97E00A921C6 /* PlayerHistoryView.swift */,
				27CF107C29AB952400174D02 /* GameHistoryView.swift */,
				27D659F929BC78AA00A921C6 /* GameRecapView.swift */,
				27D65A0E29BDF2D500A921C6 /* NoDataView.swift */,
				27D65A1829BE414700A921C6 /* StatisticsPlayerListView.swift */,
			);
			name = Views;
			path = Views/Views;
			sourceTree = "<group>";
		};
		27D65A0129BC9B2100A921C6 /* DartsBoard */ = {
			isa = PBXGroup;
			children = (
				27D659F629B91E0400A921C6 /* DartsBoardView.swift */,
			);
			path = DartsBoard;
			sourceTree = "<group>";
		};
		27D65A0229BD0D0200A921C6 /* Components */ = {
			isa = PBXGroup;
			children = (
				27CF108029AB981700174D02 /* Cell.swift */,
				27CF108429AB9A8100174D02 /* PlayerHistoryHeader.swift */,
				27CF108629AB9AA500174D02 /* Row.swift */,
				27CF108A29ABA17200174D02 /* TurnItem.swift */,
				27D659EF29B3BC0800A921C6 /* SectionHeader.swift */,
				27D659F429B493DD00A921C6 /* DartsBoard.swift */,
				27D65A0629BDEAC900A921C6 /* SingleSelectableItem.swift */,
				27D65A0829BDEC0900A921C6 /* DoubleSelectableItem.swift */,
				27D65A4429BE56AD00A921C6 /* Pie.swift */,
				27D65A4629BE5E2D00A921C6 /* ChartLegend.swift */,
			);
			path = Components;
			sourceTree = "<group>";
		};
		27D65A0329BDEA7000A921C6 /* Statistics */ = {
			isa = PBXGroup;
			children = (
				27D65A0429BDEA9400A921C6 /* StatisticsView.swift */,
			);
			path = Statistics;
			sourceTree = "<group>";
		};
		27D65A0D29BDF2A500A921C6 /* AverageValues */ = {
			isa = PBXGroup;
			children = (
				27D65A1029BDF34900A921C6 /* IOSAverageValuesViewModel.swift */,
				27D65A1229BDF40800A921C6 /* AverageValuesScene.swift */,
				27D65A1429BDF41600A921C6 /* AverageValuesView.swift */,
			);
			path = AverageValues;
			sourceTree = "<group>";
		};
		27D65A1A29BE42C300A921C6 /* BestTurn */ = {
			isa = PBXGroup;
			children = (
				27D65A1B29BE42EC00A921C6 /* IOSBestTurnViewModel.swift */,
				27D65A1D29BE435C00A921C6 /* BestTurnView.swift */,
				27D65A1F29BE43A000A921C6 /* BestTurnScene.swift */,
			);
			path = BestTurn;
			sourceTree = "<group>";
		};
		27D65A2129BE46EE00A921C6 /* MostFrequentShots */ = {
			isa = PBXGroup;
			children = (
				27D65A2229BE471300A921C6 /* IOSMostFrequentShotsViewModel.swift */,
				27D65A2429BE478A00A921C6 /* MostFrequentShotsView.swift */,
				27D65A2629BE48B100A921C6 /* MostFrequentShotsScene.swift */,
			);
			path = MostFrequentShots;
			sourceTree = "<group>";
		};
		27D65A2829BE49B600A921C6 /* BiggestFinalSet */ = {
			isa = PBXGroup;
			children = (
				27D65A2929BE49C800A921C6 /* IOSBiggestFinalSetViewModel.swift */,
				27D65A2B29BE4A5900A921C6 /* BiggestFinalSetView.swift */,
				27D65A2D29BE4ADE00A921C6 /* BiggestFinalSetScene.swift */,
			);
			path = BiggestFinalSet;
			sourceTree = "<group>";
		};
		27D65A2F29BE4D4000A921C6 /* PlayerList */ = {
			isa = PBXGroup;
			children = (
				27D65A3029BE4D5200A921C6 /* IOSPlayerListViewModel.swift */,
				27D65A3229BE4E1900A921C6 /* PlayerListView.swift */,
				27D65A3429BE4E5B00A921C6 /* PlayerListScene.swift */,
			);
			path = PlayerList;
			sourceTree = "<group>";
		};
		27D65A3629BE503100A921C6 /* ShotDistribution */ = {
			isa = PBXGroup;
			children = (
				27D65A3729BE504300A921C6 /* IOSShotDistributionViewModel.swift */,
				27D65A3929BE50B800A921C6 /* ShotDistributionView.swift */,
				27D65A3B29BE511500A921C6 /* ShotDistributionScene.swift */,
			);
			path = ShotDistribution;
			sourceTree = "<group>";
		};
		27D65A3D29BE522D00A921C6 /* VictoryDistribution */ = {
			isa = PBXGroup;
			children = (
				27D65A3E29BE524000A921C6 /* IOSVictoryDistributionViewModel.swift */,
				27D65A4029BE529C00A921C6 /* VictoryDistributionView.swift */,
				27D65A4229BE52E400A921C6 /* VictoryDistributionScene.swift */,
			);
			path = VictoryDistribution;
			sourceTree = "<group>";
		};
		7555FF72242A565900829871 = {
			isa = PBXGroup;
			children = (
				7555FF7D242A565900829871 /* iosApp */,
				7555FF7C242A565900829871 /* Products */,
				7555FFB0242A642200829871 /* Frameworks */,
			);
			sourceTree = "<group>";
		};
		7555FF7C242A565900829871 /* Products */ = {
			isa = PBXGroup;
			children = (
				7555FF7B242A565900829871 /* iosApp.app */,
			);
			name = Products;
			sourceTree = "<group>";
		};
		7555FF7D242A565900829871 /* iosApp */ = {
			isa = PBXGroup;
			children = (
				279827D6298E6B7F00D497F2 /* Library */,
				279827CF298E656400D497F2 /* Statistics */,
				279827CC298E655A00D497F2 /* Game */,
				279827D2298E657600D497F2 /* Navigation.swift */,
				279827D4298E65A600D497F2 /* ContentView.swift */,
				2152FB032600AC8F00CF470E /* iOSApp.swift */,
				058557BA273AAA24004C7B11 /* Assets.xcassets */,
				7555FF8C242A565B00829871 /* Info.plist */,
				058557D7273AAEEB004C7B11 /* Preview Content */,
				27CF109429AD126300174D02 /* Localizable.strings */,
			);
			path = iosApp;
			sourceTree = "<group>";
		};
		7555FFB0242A642200829871 /* Frameworks */ = {
			isa = PBXGroup;
			children = (
			);
			name = Frameworks;
			sourceTree = "<group>";
		};
/* End PBXGroup section */

/* Begin PBXNativeTarget section */
		7555FF7A242A565900829871 /* iosApp */ = {
			isa = PBXNativeTarget;
			buildConfigurationList = 7555FFA5242A565B00829871 /* Build configuration list for PBXNativeTarget "iosApp" */;
			buildPhases = (
				7555FFB5242A651A00829871 /* ShellScript */,
				7555FF77242A565900829871 /* Sources */,
				7555FF78242A565900829871 /* Frameworks */,
				7555FF79242A565900829871 /* Resources */,
				7555FFB4242A642300829871 /* Embed Frameworks */,
			);
			buildRules = (
			);
			dependencies = (
			);
			name = iosApp;
			packageProductDependencies = (
				27D659EA29B3B8B200A921C6 /* SwiftUIPager */,
			);
			productName = iosApp;
			productReference = 7555FF7B242A565900829871 /* iosApp.app */;
			productType = "com.apple.product-type.application";
		};
/* End PBXNativeTarget section */

/* Begin PBXProject section */
		7555FF73242A565900829871 /* Project object */ = {
			isa = PBXProject;
			attributes = {
				LastSwiftUpdateCheck = 1130;
				LastUpgradeCheck = 1130;
				ORGANIZATIONNAME = orgName;
				TargetAttributes = {
					7555FF7A242A565900829871 = {
						CreatedOnToolsVersion = 11.3.1;
					};
				};
			};
			buildConfigurationList = 7555FF76242A565900829871 /* Build configuration list for PBXProject "iosApp" */;
			compatibilityVersion = "Xcode 9.3";
			developmentRegion = en;
			hasScannedForEncodings = 0;
			knownRegions = (
				en,
				Base,
				ru,
			);
			mainGroup = 7555FF72242A565900829871;
			packageReferences = (
				27D659E929B3B8B200A921C6 /* XCRemoteSwiftPackageReference "SwiftUIPager" */,
			);
			productRefGroup = 7555FF7C242A565900829871 /* Products */;
			projectDirPath = "";
			projectRoot = "";
			targets = (
				7555FF7A242A565900829871 /* iosApp */,
			);
		};
/* End PBXProject section */

/* Begin PBXResourcesBuildPhase section */
		7555FF79242A565900829871 /* Resources */ = {
			isa = PBXResourcesBuildPhase;
			buildActionMask = 2147483647;
			files = (
				058557D9273AAEEB004C7B11 /* Preview Assets.xcassets in Resources */,
				27CF109229AD126300174D02 /* Localizable.strings in Resources */,
				058557BB273AAA24004C7B11 /* Assets.xcassets in Resources */,
			);
			runOnlyForDeploymentPostprocessing = 0;
		};
/* End PBXResourcesBuildPhase section */

/* Begin PBXShellScriptBuildPhase section */
		7555FFB5242A651A00829871 /* ShellScript */ = {
			isa = PBXShellScriptBuildPhase;
			buildActionMask = 2147483647;
			files = (
			);
			inputFileListPaths = (
			);
			inputPaths = (
			);
			outputFileListPaths = (
			);
			outputPaths = (
			);
			runOnlyForDeploymentPostprocessing = 0;
			shellPath = /bin/sh;
			shellScript = "cd \"$SRCROOT/..\"\n./gradlew :shared:embedAndSignAppleFrameworkForXcode\n";
		};
/* End PBXShellScriptBuildPhase section */

/* Begin PBXSourcesBuildPhase section */
		7555FF77242A565900829871 /* Sources */ = {
			isa = PBXSourcesBuildPhase;
			buildActionMask = 2147483647;
			files = (
				27D65A0729BDEAC900A921C6 /* SingleSelectableItem.swift in Sources */,
				27D65A2029BE43A000A921C6 /* BestTurnScene.swift in Sources */,
				27CF108529AB9A8100174D02 /* PlayerHistoryHeader.swift in Sources */,
				279827D1298E656400D497F2 /* StatisticsTab.swift in Sources */,
				279827D8298E6B8A00D497F2 /* Color+Extension.swift in Sources */,
				27D65A1529BDF41600A921C6 /* AverageValuesView.swift in Sources */,
				27CF107D29AB952400174D02 /* GameHistoryView.swift in Sources */,
				27D65A1329BDF40800A921C6 /* AverageValuesScene.swift in Sources */,
				27D65A0029BC86F400A921C6 /* KotlinFloat+Extensions.swift in Sources */,
				27D65A0B29BDED5800A921C6 /* StatisticsEvent+Extensions.swift in Sources */,
				27CF109A29AD2A5600174D02 /* HistoryScene.swift in Sources */,
				27D65A3C29BE511500A921C6 /* ShotDistributionScene.swift in Sources */,
				27D659F529B493DD00A921C6 /* DartsBoard.swift in Sources */,
				279827DF298E723D00D497F2 /* GameListScene.swift in Sources */,
				27CF109729AD273B00174D02 /* Game+Extensions.swift in Sources */,
				27CF109E29AD2C9E00174D02 /* HistoryView.swift in Sources */,
				27CF108129AB981700174D02 /* Cell.swift in Sources */,
				279827E429A7CD9F00D497F2 /* CreateGameScene.swift in Sources */,
				279827DB298E6F2600D497F2 /* IOSGameListViewModel.swift in Sources */,
				27D65A4129BE529C00A921C6 /* VictoryDistributionView.swift in Sources */,
				27D65A0529BDEA9400A921C6 /* StatisticsView.swift in Sources */,
				27D65A1929BE414700A921C6 /* StatisticsPlayerListView.swift in Sources */,
				27D65A1129BDF34900A921C6 /* IOSAverageValuesViewModel.swift in Sources */,
				27D659F029B3BC0800A921C6 /* SectionHeader.swift in Sources */,
				27D659FA29BC78AB00A921C6 /* GameRecapView.swift in Sources */,
				27CF107729A8BBC800174D02 /* IOSGameViewModel.swift in Sources */,
				279827D5298E65A600D497F2 /* ContentView.swift in Sources */,
				27D659F729B91E0400A921C6 /* DartsBoardView.swift in Sources */,
				279827CE298E655A00D497F2 /* GameTab.swift in Sources */,
				27D65A2729BE48B100A921C6 /* MostFrequentShotsScene.swift in Sources */,
				27D65A4529BE56AD00A921C6 /* Pie.swift in Sources */,
				279827D3298E657600D497F2 /* Navigation.swift in Sources */,
				27D65A0929BDEC0900A921C6 /* DoubleSelectableItem.swift in Sources */,
				279827EF29A7D50A00D497F2 /* Player+Extensions.swift in Sources */,
				27D65A0F29BDF2D500A921C6 /* NoDataView.swift in Sources */,
				27D65A2C29BE4A5900A921C6 /* BiggestFinalSetView.swift in Sources */,
				27D65A3529BE4E5B00A921C6 /* PlayerListScene.swift in Sources */,
				27CF108329AB99CB00174D02 /* String+Extensions.swift in Sources */,
				27CF107329A8BBB600174D02 /* GameScene.swift in Sources */,
				27D65A3129BE4D5200A921C6 /* IOSPlayerListViewModel.swift in Sources */,
				27D65A3829BE504300A921C6 /* IOSShotDistributionViewModel.swift in Sources */,
				27CF108F29ABA2CE00174D02 /* Set+Extensions.swift in Sources */,
				27CF107529A8BBBE00174D02 /* GameView.swift in Sources */,
				27CF108729AB9AA500174D02 /* Row.swift in Sources */,
				279827E629A7CDB100D497F2 /* IOSCreateGameViewModel.swift in Sources */,
				27D65A2329BE471300A921C6 /* IOSMostFrequentShotsViewModel.swift in Sources */,
				27CF108D29ABA23F00174D02 /* Shot+Extensions.swift in Sources */,
				279827DD298E71E000D497F2 /* GameListView.swift in Sources */,
				27D65A4329BE52E400A921C6 /* VictoryDistributionScene.swift in Sources */,
				27D65A2E29BE4ADE00A921C6 /* BiggestFinalSetScene.swift in Sources */,
				27D65A3A29BE50B800A921C6 /* ShotDistributionView.swift in Sources */,
				27D65A2529BE478A00A921C6 /* MostFrequentShotsView.swift in Sources */,
				279827E229A7CD9700D497F2 /* CreateGameView.swift in Sources */,
				27CF109C29AD2A6B00174D02 /* IOSHistoryViewModel.swift in Sources */,
				27D65A3F29BE524000A921C6 /* IOSVictoryDistributionViewModel.swift in Sources */,
				27D659FE29BC866F00A921C6 /* PlayerHistory+Extensions.swift in Sources */,
				27D659FC29BC7ADB00A921C6 /* GamePlayerValue+Extensions.swift in Sources */,
				27CF107929A9049900174D02 /* GameInputView.swift in Sources */,
				27D65A1E29BE435C00A921C6 /* BestTurnView.swift in Sources */,
				27CF108B29ABA17200174D02 /* TurnItem.swift in Sources */,
				27CF107B29A905A600174D02 /* Sector+Extensions.swift in Sources */,
				27D65A1729BDF7E900A921C6 /* AveragePlayerValue+Extensions.swift in Sources */,
				27D659ED29B3B97E00A921C6 /* PlayerHistoryView.swift in Sources */,
				27D65A4729BE5E2D00A921C6 /* ChartLegend.swift in Sources */,
				2152FB042600AC8F00CF470E /* iOSApp.swift in Sources */,
				27D65A2A29BE49C800A921C6 /* IOSBiggestFinalSetViewModel.swift in Sources */,
				279827F129A7D5C100D497F2 /* KotlinInt+Extensions.swift in Sources */,
				27D65A3329BE4E1900A921C6 /* PlayerListView.swift in Sources */,
				27D65A1C29BE42EC00A921C6 /* IOSBestTurnViewModel.swift in Sources */,
				27CF108929AB9FCD00174D02 /* GamePlayerResult+Extensions.swift in Sources */,
			);
			runOnlyForDeploymentPostprocessing = 0;
		};
/* End PBXSourcesBuildPhase section */

/* Begin PBXVariantGroup section */
		27CF109429AD126300174D02 /* Localizable.strings */ = {
			isa = PBXVariantGroup;
			children = (
				27CF109329AD126300174D02 /* en */,
				27CF109529AD126800174D02 /* ru */,
			);
			name = Localizable.strings;
			sourceTree = "<group>";
		};
/* End PBXVariantGroup section */

/* Begin XCBuildConfiguration section */
		7555FFA3242A565B00829871 /* Debug */ = {
			isa = XCBuildConfiguration;
			buildSettings = {
				ALWAYS_SEARCH_USER_PATHS = NO;
				CLANG_ANALYZER_NONNULL = YES;
				CLANG_ANALYZER_NUMBER_OBJECT_CONVERSION = YES_AGGRESSIVE;
				CLANG_CXX_LANGUAGE_STANDARD = "gnu++14";
				CLANG_CXX_LIBRARY = "libc++";
				CLANG_ENABLE_MODULES = YES;
				CLANG_ENABLE_OBJC_ARC = YES;
				CLANG_ENABLE_OBJC_WEAK = YES;
				CLANG_WARN_BLOCK_CAPTURE_AUTORELEASING = YES;
				CLANG_WARN_BOOL_CONVERSION = YES;
				CLANG_WARN_COMMA = YES;
				CLANG_WARN_CONSTANT_CONVERSION = YES;
				CLANG_WARN_DEPRECATED_OBJC_IMPLEMENTATIONS = YES;
				CLANG_WARN_DIRECT_OBJC_ISA_USAGE = YES_ERROR;
				CLANG_WARN_DOCUMENTATION_COMMENTS = YES;
				CLANG_WARN_EMPTY_BODY = YES;
				CLANG_WARN_ENUM_CONVERSION = YES;
				CLANG_WARN_INFINITE_RECURSION = YES;
				CLANG_WARN_INT_CONVERSION = YES;
				CLANG_WARN_NON_LITERAL_NULL_CONVERSION = YES;
				CLANG_WARN_OBJC_IMPLICIT_RETAIN_SELF = YES;
				CLANG_WARN_OBJC_LITERAL_CONVERSION = YES;
				CLANG_WARN_OBJC_ROOT_CLASS = YES_ERROR;
				CLANG_WARN_QUOTED_INCLUDE_IN_FRAMEWORK_HEADER = YES;
				CLANG_WARN_RANGE_LOOP_ANALYSIS = YES;
				CLANG_WARN_STRICT_PROTOTYPES = YES;
				CLANG_WARN_SUSPICIOUS_MOVE = YES;
				CLANG_WARN_UNGUARDED_AVAILABILITY = YES_AGGRESSIVE;
				CLANG_WARN_UNREACHABLE_CODE = YES;
				CLANG_WARN__DUPLICATE_METHOD_MATCH = YES;
				COPY_PHASE_STRIP = NO;
				DEBUG_INFORMATION_FORMAT = "dwarf-with-dsym";
				ENABLE_STRICT_OBJC_MSGSEND = YES;
				ENABLE_TESTABILITY = YES;
				GCC_C_LANGUAGE_STANDARD = gnu11;
				GCC_DYNAMIC_NO_PIC = NO;
				GCC_NO_COMMON_BLOCKS = YES;
				GCC_OPTIMIZATION_LEVEL = 0;
				GCC_PREPROCESSOR_DEFINITIONS = (
					"DEBUG=1",
					"$(inherited)",
				);
				GCC_WARN_64_TO_32_BIT_CONVERSION = YES;
				GCC_WARN_ABOUT_RETURN_TYPE = YES_ERROR;
				GCC_WARN_UNDECLARED_SELECTOR = YES;
				GCC_WARN_UNINITIALIZED_AUTOS = YES_AGGRESSIVE;
				GCC_WARN_UNUSED_FUNCTION = YES;
				GCC_WARN_UNUSED_VARIABLE = YES;
				IPHONEOS_DEPLOYMENT_TARGET = 14.1;
				MTL_ENABLE_DEBUG_INFO = INCLUDE_SOURCE;
				MTL_FAST_MATH = YES;
				ONLY_ACTIVE_ARCH = YES;
				SDKROOT = iphoneos;
				SWIFT_ACTIVE_COMPILATION_CONDITIONS = DEBUG;
				SWIFT_OPTIMIZATION_LEVEL = "-Onone";
			};
			name = Debug;
		};
		7555FFA4242A565B00829871 /* Release */ = {
			isa = XCBuildConfiguration;
			buildSettings = {
				ALWAYS_SEARCH_USER_PATHS = NO;
				CLANG_ANALYZER_NONNULL = YES;
				CLANG_ANALYZER_NUMBER_OBJECT_CONVERSION = YES_AGGRESSIVE;
				CLANG_CXX_LANGUAGE_STANDARD = "gnu++14";
				CLANG_CXX_LIBRARY = "libc++";
				CLANG_ENABLE_MODULES = YES;
				CLANG_ENABLE_OBJC_ARC = YES;
				CLANG_ENABLE_OBJC_WEAK = YES;
				CLANG_WARN_BLOCK_CAPTURE_AUTORELEASING = YES;
				CLANG_WARN_BOOL_CONVERSION = YES;
				CLANG_WARN_COMMA = YES;
				CLANG_WARN_CONSTANT_CONVERSION = YES;
				CLANG_WARN_DEPRECATED_OBJC_IMPLEMENTATIONS = YES;
				CLANG_WARN_DIRECT_OBJC_ISA_USAGE = YES_ERROR;
				CLANG_WARN_DOCUMENTATION_COMMENTS = YES;
				CLANG_WARN_EMPTY_BODY = YES;
				CLANG_WARN_ENUM_CONVERSION = YES;
				CLANG_WARN_INFINITE_RECURSION = YES;
				CLANG_WARN_INT_CONVERSION = YES;
				CLANG_WARN_NON_LITERAL_NULL_CONVERSION = YES;
				CLANG_WARN_OBJC_IMPLICIT_RETAIN_SELF = YES;
				CLANG_WARN_OBJC_LITERAL_CONVERSION = YES;
				CLANG_WARN_OBJC_ROOT_CLASS = YES_ERROR;
				CLANG_WARN_QUOTED_INCLUDE_IN_FRAMEWORK_HEADER = YES;
				CLANG_WARN_RANGE_LOOP_ANALYSIS = YES;
				CLANG_WARN_STRICT_PROTOTYPES = YES;
				CLANG_WARN_SUSPICIOUS_MOVE = YES;
				CLANG_WARN_UNGUARDED_AVAILABILITY = YES_AGGRESSIVE;
				CLANG_WARN_UNREACHABLE_CODE = YES;
				CLANG_WARN__DUPLICATE_METHOD_MATCH = YES;
				COPY_PHASE_STRIP = NO;
				DEBUG_INFORMATION_FORMAT = "dwarf-with-dsym";
				ENABLE_NS_ASSERTIONS = NO;
				ENABLE_STRICT_OBJC_MSGSEND = YES;
				GCC_C_LANGUAGE_STANDARD = gnu11;
				GCC_NO_COMMON_BLOCKS = YES;
				GCC_WARN_64_TO_32_BIT_CONVERSION = YES;
				GCC_WARN_ABOUT_RETURN_TYPE = YES_ERROR;
				GCC_WARN_UNDECLARED_SELECTOR = YES;
				GCC_WARN_UNINITIALIZED_AUTOS = YES_AGGRESSIVE;
				GCC_WARN_UNUSED_FUNCTION = YES;
				GCC_WARN_UNUSED_VARIABLE = YES;
				IPHONEOS_DEPLOYMENT_TARGET = 14.1;
				MTL_ENABLE_DEBUG_INFO = NO;
				MTL_FAST_MATH = YES;
				SDKROOT = iphoneos;
				SWIFT_COMPILATION_MODE = wholemodule;
				SWIFT_OPTIMIZATION_LEVEL = "-O";
				VALIDATE_PRODUCT = YES;
			};
			name = Release;
		};
		7555FFA6242A565B00829871 /* Debug */ = {
			isa = XCBuildConfiguration;
			buildSettings = {
				ASSETCATALOG_COMPILER_APPICON_NAME = AppIcon;
				CODE_SIGN_STYLE = Automatic;
				DEVELOPMENT_ASSET_PATHS = "\"iosApp/Preview Content\"";
				DEVELOPMENT_TEAM = WMG862Q25D;
				ENABLE_PREVIEWS = YES;
				FRAMEWORK_SEARCH_PATHS = "$(SRCROOT)/../shared/build/xcode-frameworks/$(CONFIGURATION)/$(SDK_NAME)";
				INFOPLIST_FILE = iosApp/Info.plist;
				INFOPLIST_KEY_CFBundleDisplayName = "Darts Score";
				IPHONEOS_DEPLOYMENT_TARGET = 16.0;
				LD_RUNPATH_SEARCH_PATHS = (
					"$(inherited)",
					"@executable_path/Frameworks",
				);
				OTHER_LDFLAGS = (
					"$(inherited)",
					"-framework",
					shared,
					"-lsqlite3",
				);
				PRODUCT_BUNDLE_IDENTIFIER = "alextos.darts-score";
				PRODUCT_NAME = "$(TARGET_NAME)";
				SWIFT_VERSION = 5.0;
				TARGETED_DEVICE_FAMILY = "1,2";
			};
			name = Debug;
		};
		7555FFA7242A565B00829871 /* Release */ = {
			isa = XCBuildConfiguration;
			buildSettings = {
				ASSETCATALOG_COMPILER_APPICON_NAME = AppIcon;
				CODE_SIGN_STYLE = Automatic;
				DEVELOPMENT_ASSET_PATHS = "\"iosApp/Preview Content\"";
				DEVELOPMENT_TEAM = WMG862Q25D;
				ENABLE_PREVIEWS = YES;
				FRAMEWORK_SEARCH_PATHS = "$(SRCROOT)/../shared/build/xcode-frameworks/$(CONFIGURATION)/$(SDK_NAME)";
				INFOPLIST_FILE = iosApp/Info.plist;
				INFOPLIST_KEY_CFBundleDisplayName = "Darts Score";
				IPHONEOS_DEPLOYMENT_TARGET = 16.0;
				LD_RUNPATH_SEARCH_PATHS = (
					"$(inherited)",
					"@executable_path/Frameworks",
				);
				OTHER_LDFLAGS = (
					"$(inherited)",
					"-framework",
					shared,
					"-lsqlite3",
				);
				PRODUCT_BUNDLE_IDENTIFIER = "alextos.darts-score";
				PRODUCT_NAME = "$(TARGET_NAME)";
				SWIFT_VERSION = 5.0;
				TARGETED_DEVICE_FAMILY = "1,2";
			};
			name = Release;
		};
/* End XCBuildConfiguration section */

/* Begin XCConfigurationList section */
		7555FF76242A565900829871 /* Build configuration list for PBXProject "iosApp" */ = {
			isa = XCConfigurationList;
			buildConfigurations = (
				7555FFA3242A565B00829871 /* Debug */,
				7555FFA4242A565B00829871 /* Release */,
			);
			defaultConfigurationIsVisible = 0;
			defaultConfigurationName = Release;
		};
		7555FFA5242A565B00829871 /* Build configuration list for PBXNativeTarget "iosApp" */ = {
			isa = XCConfigurationList;
			buildConfigurations = (
				7555FFA6242A565B00829871 /* Debug */,
				7555FFA7242A565B00829871 /* Release */,
			);
			defaultConfigurationIsVisible = 0;
			defaultConfigurationName = Release;
		};
/* End XCConfigurationList section */

/* Begin XCRemoteSwiftPackageReference section */
		27D659E929B3B8B200A921C6 /* XCRemoteSwiftPackageReference "SwiftUIPager" */ = {
			isa = XCRemoteSwiftPackageReference;
			repositoryURL = "https://github.com/fermoya/SwiftUIPager.git";
			requirement = {
				kind = upToNextMajorVersion;
				minimumVersion = 2.0.0;
			};
		};
/* End XCRemoteSwiftPackageReference section */

/* Begin XCSwiftPackageProductDependency section */
		27D659EA29B3B8B200A921C6 /* SwiftUIPager */ = {
			isa = XCSwiftPackageProductDependency;
			package = 27D659E929B3B8B200A921C6 /* XCRemoteSwiftPackageReference "SwiftUIPager" */;
			productName = SwiftUIPager;
		};
/* End XCSwiftPackageProductDependency section */
	};
	rootObject = 7555FF73242A565900829871 /* Project object */;
}
